
Microsoft Visual Studio Solution File, Format Version 12.00
# Visual Studio Version 17
VisualStudioVersion = 17.3.32611.2
MinimumVisualStudioVersion = 10.0.40219.1
Project("{FAE04EC0-301F-11D3-BF4B-00C04F79EFBC}") = "NetMonTray", "NetMonTray\NetMonTray.csproj", "{AE1D1B68-EB1B-4B21-BD46-9EA2821CAFA4}"
EndProject
Global
	GlobalSection(SolutionConfigurationPlatforms) = preSolution
		Debug|Any CPU = Debug|Any CPU
		Release|Any CPU = Release|Any CPU
	EndGlobalSection
	GlobalSection(ProjectConfigurationPlatforms) = postSolution
		{AE1D1B68-EB1B-4B21-BD46-9EA2821CAFA4}.Debug|Any CPU.ActiveCfg = Debug|Any CPU
		{AE1D1B68-EB1B-4B21-BD46-9EA2821CAFA4}.Debug|Any CPU.Build.0 = Debug|Any CPU
		{AE1D1B68-EB1B-4B21-BD46-9EA2821CAFA4}.Release|Any CPU.ActiveCfg = Release|Any CPU
		{AE1D1B68-EB1B-4B21-BD46-9EA2821CAFA4}.Release|Any CPU.Build.0 = Release|Any CPU
	EndGlobalSection
	GlobalSection(SolutionProperties) = preSolution
		HideSolutionNode = FALSE
	EndGlobalSection
	GlobalSection(ExtensibilityGlobals) = postSolution
		SolutionGuid = {6593B350-4E16-4199-BB23-AFFC0B70B4BC}
	EndGlobalSection
EndGlobal
